
Microsoft Visual Studio Solution File, Format Version 12.00
# Visual Studio 15
VisualStudioVersion = 15.0.28307.168
MinimumVisualStudioVersion = 10.0.40219.1
Project("{FAE04EC0-301F-11D3-BF4B-00C04F79EFBC}") = "Festicket", "Festicket\Festicket.csproj", "{ADEF3959-BA1C-44D6-8657-B6CA6B1F4126}"
EndProject
Global
	GlobalSection(SolutionConfigurationPlatforms) = preSolution
		Debug|Any CPU = Debug|Any CPU
		Release|Any CPU = Release|Any CPU
	EndGlobalSection
	GlobalSection(ProjectConfigurationPlatforms) = postSolution
		{ADEF3959-BA1C-44D6-8657-B6CA6B1F4126}.Debug|Any CPU.ActiveCfg = Debug|Any CPU
		{ADEF3959-BA1C-44D6-8657-B6CA6B1F4126}.Debug|Any CPU.Build.0 = Debug|Any CPU
		{ADEF3959-BA1C-44D6-8657-B6CA6B1F4126}.Release|Any CPU.ActiveCfg = Release|Any CPU
		{ADEF3959-BA1C-44D6-8657-B6CA6B1F4126}.Release|Any CPU.Build.0 = Release|Any CPU
	EndGlobalSection
	GlobalSection(SolutionProperties) = preSolution
		HideSolutionNode = FALSE
	EndGlobalSection
	GlobalSection(ExtensibilityGlobals) = postSolution
		SolutionGuid = {C10859C1-47F3-4D2A-A2B0-EF6DD7904384}
	EndGlobalSection
EndGlobal
